
Microsoft Visual Studio Solution File, Format Version 12.00
# Visual Studio Version 17
VisualStudioVersion = 17.14.36623.8 d17.14
MinimumVisualStudioVersion = 10.0.40219.1
Project("{FAE04EC0-301F-11D3-BF4B-00C04F79EFBC}") = "Wahlregistrierung", "Wahlregistrierung\Wahlregistrierung.csproj", "{C0F473CE-D731-4070-871E-85104D9854B9}"
EndProject
Global
	GlobalSection(SolutionConfigurationPlatforms) = preSolution
		Debug|Any CPU = Debug|Any CPU
		Release|Any CPU = Release|Any CPU
	EndGlobalSection
	GlobalSection(ProjectConfigurationPlatforms) = postSolution
		{C0F473CE-D731-4070-871E-85104D9854B9}.Debug|Any CPU.ActiveCfg = Debug|Any CPU
		{C0F473CE-D731-4070-871E-85104D9854B9}.Debug|Any CPU.Build.0 = Debug|Any CPU
		{C0F473CE-D731-4070-871E-85104D9854B9}.Release|Any CPU.ActiveCfg = Release|Any CPU
		{C0F473CE-D731-4070-871E-85104D9854B9}.Release|Any CPU.Build.0 = Release|Any CPU
	EndGlobalSection
	GlobalSection(SolutionProperties) = preSolution
		HideSolutionNode = FALSE
	EndGlobalSection
	GlobalSection(ExtensibilityGlobals) = postSolution
		SolutionGuid = {63255F17-4FE6-4BC9-A870-0BB9C7A1D4E6}
	EndGlobalSection
EndGlobal
